
Microsoft Visual Studio Solution File, Format Version 12.00
# Visual Studio Version 17
VisualStudioVersion = 17.12.35527.113 d17.12
MinimumVisualStudioVersion = 10.0.40219.1
Project("{FAE04EC0-301F-11D3-BF4B-00C04F79EFBC}") = "OneToManyExample", "OneToManyExample.csproj", "{4C0F2497-0A20-47C9-8140-B862F90A0414}"
EndProject
Project("{FAE04EC0-301F-11D3-BF4B-00C04F79EFBC}") = "ManyToOneExample", "..\ManyToOneExample\ManyToOneExample.csproj", "{C777C73C-FC36-4235-B223-2EF2B33A2AC6}"
EndProject
Project("{FAE04EC0-301F-11D3-BF4B-00C04F79EFBC}") = "ManyToManyCommunication", "..\ManyToManyCommunication\ManyToManyCommunication.csproj", "{250515A2-41C9-4157-A2D1-E2999CC78663}"
EndProject
Global
	GlobalSection(SolutionConfigurationPlatforms) = preSolution
		Debug|Any CPU = Debug|Any CPU
		Release|Any CPU = Release|Any CPU
	EndGlobalSection
	GlobalSection(ProjectConfigurationPlatforms) = postSolution
		{4C0F2497-0A20-47C9-8140-B862F90A0414}.Debug|Any CPU.ActiveCfg = Debug|Any CPU
		{4C0F2497-0A20-47C9-8140-B862F90A0414}.Debug|Any CPU.Build.0 = Debug|Any CPU
		{4C0F2497-0A20-47C9-8140-B862F90A0414}.Release|Any CPU.ActiveCfg = Release|Any CPU
		{4C0F2497-0A20-47C9-8140-B862F90A0414}.Release|Any CPU.Build.0 = Release|Any CPU
		{C777C73C-FC36-4235-B223-2EF2B33A2AC6}.Debug|Any CPU.ActiveCfg = Debug|Any CPU
		{C777C73C-FC36-4235-B223-2EF2B33A2AC6}.Debug|Any CPU.Build.0 = Debug|Any CPU
		{C777C73C-FC36-4235-B223-2EF2B33A2AC6}.Release|Any CPU.ActiveCfg = Release|Any CPU
		{C777C73C-FC36-4235-B223-2EF2B33A2AC6}.Release|Any CPU.Build.0 = Release|Any CPU
		{250515A2-41C9-4157-A2D1-E2999CC78663}.Debug|Any CPU.ActiveCfg = Debug|Any CPU
		{250515A2-41C9-4157-A2D1-E2999CC78663}.Debug|Any CPU.Build.0 = Debug|Any CPU
		{250515A2-41C9-4157-A2D1-E2999CC78663}.Release|Any CPU.ActiveCfg = Release|Any CPU
		{250515A2-41C9-4157-A2D1-E2999CC78663}.Release|Any CPU.Build.0 = Release|Any CPU
	EndGlobalSection
	GlobalSection(SolutionProperties) = preSolution
		HideSolutionNode = FALSE
	EndGlobalSection
EndGlobal
